PODS:
  - Crashlytics (3.13.1):
    - Fabric (~> 1.10.1)
  - Fabric (1.10.1)
  - SwiftyJSON (4.3.0)

DEPENDENCIES:
  - Crashlytics (~> 3.12)
  - SwiftyJSON (~> 4.2)

SPEC REPOS:
  https://github.com/cocoapods/specs.git:
    - Crashlytics
    - Fabric
    - SwiftyJSON

SPEC CHECKSUMS:
  Crashlytics: 5aa8e90dcbf2f34898b4f5a0037787531246cca0
  Fabric: f6f21452846788bb44595d73e9909d79d328e617
  SwiftyJSON: 6faa0040f8b59dead0ee07436cbf76b73c08fd08

PODFILE CHECKSUM: b018a07e7f7031e4438cdf7f4209c2800002f76e

COCOAPODS: 1.6.1
